
Microsoft Visual Studio Solution File, Format Version 12.00
# Visual Studio Version 17
VisualStudioVersion = 17.4.33205.214
MinimumVisualStudioVersion = 10.0.40219.1
Project("{FAE04EC0-301F-11D3-BF4B-00C04F79EFBC}") = "RecetteNutrition", "RecetteNutrition\RecetteNutrition.csproj", "{F22CF2EA-B4AD-4C9B-87CD-7CC9CC1AF40D}"
EndProject
Global
	GlobalSection(SolutionConfigurationPlatforms) = preSolution
		Debug|Any CPU = Debug|Any CPU
		Release|Any CPU = Release|Any CPU
	EndGlobalSection
	GlobalSection(ProjectConfigurationPlatforms) = postSolution
		{F22CF2EA-B4AD-4C9B-87CD-7CC9CC1AF40D}.Debug|Any CPU.ActiveCfg = Debug|Any CPU
		{F22CF2EA-B4AD-4C9B-87CD-7CC9CC1AF40D}.Debug|Any CPU.Build.0 = Debug|Any CPU
		{F22CF2EA-B4AD-4C9B-87CD-7CC9CC1AF40D}.Release|Any CPU.ActiveCfg = Release|Any CPU
		{F22CF2EA-B4AD-4C9B-87CD-7CC9CC1AF40D}.Release|Any CPU.Build.0 = Release|Any CPU
	EndGlobalSection
	GlobalSection(SolutionProperties) = preSolution
		HideSolutionNode = FALSE
	EndGlobalSection
	GlobalSection(ExtensibilityGlobals) = postSolution
		SolutionGuid = {ACF9BB80-8070-45A6-BF52-E6506656A01D}
	EndGlobalSection
EndGlobal
